// !$*UTF8*$!
{
	archiveVersion = 1;
	classes = {
	};
	objectVersion = 77;
	objects = {

/* Begin PBXBuildFile section */
		285B4E742DDB3A0C00CAC666 /* DecodeyApp.xcdatamodeld in Sources */ = {isa = PBXBuildFile; fileRef = 285B4E722DDB3A0C00CAC666 /* DecodeyApp.xcdatamodeld */; };
		28D1B2F92DD235CB001C2A15 /* SwiftUI.framework in Frameworks */ = {isa = PBXBuildFile; fileRef = 28D1B2F82DD235CB001C2A15 /* SwiftUI.framework */; };
		28D1B3062DD23CE0001C2A15 /* GRDB in Frameworks */ = {isa = PBXBuildFile; productRef = 28D1B3052DD23CE0001C2A15 /* GRDB */; };
		28D1B3842DD4DE21001C2A15 /* RealmSwift in Frameworks */ = {isa = PBXBuildFile; productRef = 28D1B3832DD4DE21001C2A15 /* RealmSwift */; };
		28D1B3852DD4DE21001C2A15 /* RealmSwift in Embed Frameworks */ = {isa = PBXBuildFile; productRef = 28D1B3832DD4DE21001C2A15 /* RealmSwift */; settings = {ATTRIBUTES = (CodeSignOnCopy, ); }; };
/* End PBXBuildFile section */

/* Begin PBXContainerItemProxy section */
		284A1A052DD21B7F00606222 /* PBXContainerItemProxy */ = {
			isa = PBXContainerItemProxy;
			containerPortal = 284A19EE2DD21B7E00606222 /* Project object */;
			proxyType = 1;
			remoteGlobalIDString = 284A19F52DD21B7E00606222;
			remoteInfo = loginboy;
		};
		284A1A0F2DD21B7F00606222 /* PBXContainerItemProxy */ = {
			isa = PBXContainerItemProxy;
			containerPortal = 284A19EE2DD21B7E00606222 /* Project object */;
			proxyType = 1;
			remoteGlobalIDString = 284A19F52DD21B7E00606222;
			remoteInfo = loginboy;
		};
/* End PBXContainerItemProxy section */

/* Begin PBXCopyFilesBuildPhase section */
		28D1B3862DD4DE21001C2A15 /* Embed Frameworks */ = {
			isa = PBXCopyFilesBuildPhase;
			buildActionMask = 2147483647;
			dstPath = "";
			dstSubfolderSpec = 10;
			files = (
				28D1B3852DD4DE21001C2A15 /* RealmSwift in Embed Frameworks */,
			);
			name = "Embed Frameworks";
			runOnlyForDeploymentPostprocessing = 0;
		};
/* End PBXCopyFilesBuildPhase section */

/* Begin PBXFileReference section */
		284A19F62DD21B7E00606222 /* loginboy.app */ = {isa = PBXFileReference; explicitFileType = wrapper.application; includeInIndex = 0; path = loginboy.app; sourceTree = BUILT_PRODUCTS_DIR; };
		284A1A042DD21B7F00606222 /* loginboyTests.xctest */ = {isa = PBXFileReference; explicitFileType = wrapper.cfbundle; includeInIndex = 0; path = loginboyTests.xctest; sourceTree = BUILT_PRODUCTS_DIR; };
		284A1A0E2DD21B7F00606222 /* loginboyUITests.xctest */ = {isa = PBXFileReference; explicitFileType = wrapper.cfbundle; includeInIndex = 0; path = loginboyUITests.xctest; sourceTree = BUILT_PRODUCTS_DIR; };
		285B4E732DDB3A0C00CAC666 /* DecodeyApp.xcdatamodel */ = {isa = PBXFileReference; lastKnownFileType = wrapper.xcdatamodel; path = DecodeyApp.xcdatamodel; sourceTree = "<group>"; };
		28D1B2F82DD235CB001C2A15 /* SwiftUI.framework */ = {isa = PBXFileReference; lastKnownFileType = wrapper.framework; name = SwiftUI.framework; path = Platforms/iPhoneOS.platform/Developer/SDKs/iPhoneOS18.4.sdk/System/Library/Frameworks/SwiftUI.framework; sourceTree = DEVELOPER_DIR; };
/* End PBXFileReference section */

/* Begin PBXFileSystemSynchronizedBuildFileExceptionSet section */
		284A1A282DD21FB200606222 /* Exceptions for "loginboy" folder in "loginboy" target */ = {
			isa = PBXFileSystemSynchronizedBuildFileExceptionSet;
			membershipExceptions = (
				Info.plist,
			);
			target = 284A19F52DD21B7E00606222 /* loginboy */;
		};
/* End PBXFileSystemSynchronizedBuildFileExceptionSet section */

/* Begin PBXFileSystemSynchronizedRootGroup section */
		284A19F82DD21B7E00606222 /* loginboy */ = {
			isa = PBXFileSystemSynchronizedRootGroup;
			exceptions = (
				284A1A282DD21FB200606222 /* Exceptions for "loginboy" folder in "loginboy" target */,
			);
			path = loginboy;
			sourceTree = "<group>";
		};
		284A1A072DD21B7F00606222 /* loginboyTests */ = {
			isa = PBXFileSystemSynchronizedRootGroup;
			path = loginboyTests;
			sourceTree = "<group>";
		};
		284A1A112DD21B7F00606222 /* loginboyUITests */ = {
			isa = PBXFileSystemSynchronizedRootGroup;
			path = loginboyUITests;
			sourceTree = "<group>";
		};
/* End PBXFileSystemSynchronizedRootGroup section */

/* Begin PBXFrameworksBuildPhase section */
		284A19F32DD21B7E00606222 /* Frameworks */ = {
			isa = PBXFrameworksBuildPhase;
			buildActionMask = 2147483647;
			files = (
				28D1B3842DD4DE21001C2A15 /* RealmSwift in Frameworks */,
				28D1B2F92DD235CB001C2A15 /* SwiftUI.framework in Frameworks */,
				28D1B3062DD23CE0001C2A15 /* GRDB in Frameworks */,
			);
			runOnlyForDeploymentPostprocessing = 0;
		};
		284A1A012DD21B7F00606222 /* Frameworks */ = {
			isa = PBXFrameworksBuildPhase;
			buildActionMask = 2147483647;
			files = (
			);
			runOnlyForDeploymentPostprocessing = 0;
		};
		284A1A0B2DD21B7F00606222 /* Frameworks */ = {
			isa = PBXFrameworksBuildPhase;
			buildActionMask = 2147483647;
			files = (
			);
			runOnlyForDeploymentPostprocessing = 0;
		};
/* End PBXFrameworksBuildPhase section */

/* Begin PBXGroup section */
		284A19ED2DD21B7E00606222 = {
			isa = PBXGroup;
			children = (
				285B4E722DDB3A0C00CAC666 /* DecodeyApp.xcdatamodeld */,
				284A19F82DD21B7E00606222 /* loginboy */,
				284A1A072DD21B7F00606222 /* loginboyTests */,
				284A1A112DD21B7F00606222 /* loginboyUITests */,
				28D1B2F72DD235CB001C2A15 /* Frameworks */,
				284A19F72DD21B7E00606222 /* Products */,
			);
			sourceTree = "<group>";
		};
		284A19F72DD21B7E00606222 /* Products */ = {
			isa = PBXGroup;
			children = (
				284A19F62DD21B7E00606222 /* loginboy.app */,
				284A1A042DD21B7F00606222 /* loginboyTests.xctest */,
				284A1A0E2DD21B7F00606222 /* loginboyUITests.xctest */,
			);
			name = Products;
			sourceTree = "<group>";
		};
		28D1B2F72DD235CB001C2A15 /* Frameworks */ = {
			isa = PBXGroup;
			children = (
				28D1B2F82DD235CB001C2A15 /* SwiftUI.framework */,
			);
			name = Frameworks;
			sourceTree = "<group>";
		};
/* End PBXGroup section */

/* Begin PBXNativeTarget section */
		284A19F52DD21B7E00606222 /* loginboy */ = {
			isa = PBXNativeTarget;
			buildConfigurationList = 284A1A182DD21B7F00606222 /* Build configuration list for PBXNativeTarget "loginboy" */;
			buildPhases = (
				284A19F22DD21B7E00606222 /* Sources */,
				284A19F32DD21B7E00606222 /* Frameworks */,
				284A19F42DD21B7E00606222 /* Resources */,
				28D1B3862DD4DE21001C2A15 /* Embed Frameworks */,
			);
			buildRules = (
			);
			dependencies = (
			);
			fileSystemSynchronizedGroups = (
				284A19F82DD21B7E00606222 /* loginboy */,
			);
			name = loginboy;
			packageProductDependencies = (
				28D1B3052DD23CE0001C2A15 /* GRDB */,
				28D1B3832DD4DE21001C2A15 /* RealmSwift */,
			);
			productName = loginboy;
			productReference = 284A19F62DD21B7E00606222 /* loginboy.app */;
			productType = "com.apple.product-type.application";
		};
		284A1A032DD21B7F00606222 /* loginboyTests */ = {
			isa = PBXNativeTarget;
			buildConfigurationList = 284A1A1B2DD21B7F00606222 /* Build configuration list for PBXNativeTarget "loginboyTests" */;
			buildPhases = (
				284A1A002DD21B7F00606222 /* Sources */,
				284A1A012DD21B7F00606222 /* Frameworks */,
				284A1A022DD21B7F00606222 /* Resources */,
			);
			buildRules = (
			);
			dependencies = (
				284A1A062DD21B7F00606222 /* PBXTargetDependency */,
			);
			fileSystemSynchronizedGroups = (
				284A1A072DD21B7F00606222 /* loginboyTests */,
			);
			name = loginboyTests;
			packageProductDependencies = (
			);
			productName = loginboyTests;
			productReference = 284A1A042DD21B7F00606222 /* loginboyTests.xctest */;
			productType = "com.apple.product-type.bundle.unit-test";
		};
		284A1A0D2DD21B7F00606222 /* loginboyUITests */ = {
			isa = PBXNativeTarget;
			buildConfigurationList = 284A1A1E2DD21B7F00606222 /* Build configuration list for PBXNativeTarget "loginboyUITests" */;
			buildPhases = (
				284A1A0A2DD21B7F00606222 /* Sources */,
				284A1A0B2DD21B7F00606222 /* Frameworks */,
				284A1A0C2DD21B7F00606222 /* Resources */,
			);
			buildRules = (
			);
			dependencies = (
				284A1A102DD21B7F00606222 /* PBXTargetDependency */,
			);
			fileSystemSynchronizedGroups = (
				284A1A112DD21B7F00606222 /* loginboyUITests */,
			);
			name = loginboyUITests;
			packageProductDependencies = (
			);
			productName = loginboyUITests;
			productReference = 284A1A0E2DD21B7F00606222 /* loginboyUITests.xctest */;
			productType = "com.apple.product-type.bundle.ui-testing";
		};
/* End PBXNativeTarget section */

/* Begin PBXProject section */
		284A19EE2DD21B7E00606222 /* Project object */ = {
			isa = PBXProject;
			attributes = {
				BuildIndependentTargetsInParallel = 1;
				LastSwiftUpdateCheck = 1630;
				LastUpgradeCheck = 1630;
				TargetAttributes = {
					284A19F52DD21B7E00606222 = {
						CreatedOnToolsVersion = 16.3;
					};
					284A1A032DD21B7F00606222 = {
						CreatedOnToolsVersion = 16.3;
						TestTargetID = 284A19F52DD21B7E00606222;
					};
					284A1A0D2DD21B7F00606222 = {
						CreatedOnToolsVersion = 16.3;
						TestTargetID = 284A19F52DD21B7E00606222;
					};
				};
			};
			buildConfigurationList = 284A19F12DD21B7E00606222 /* Build configuration list for PBXProject "loginboy" */;
			developmentRegion = en;
			hasScannedForEncodings = 0;
			knownRegions = (
				en,
				Base,
			);
			mainGroup = 284A19ED2DD21B7E00606222;
			minimizedProjectReferenceProxies = 1;
			packageReferences = (
				28D1B3042DD23CD5001C2A15 /* XCRemoteSwiftPackageReference "GRDB.swift" */,
				28D1B3822DD4DE0F001C2A15 /* XCRemoteSwiftPackageReference "realm-swift" */,
			);
			preferredProjectObjectVersion = 77;
			productRefGroup = 284A19F72DD21B7E00606222 /* Products */;
			projectDirPath = "";
			projectRoot = "";
			targets = (
				284A19F52DD21B7E00606222 /* loginboy */,
				284A1A032DD21B7F00606222 /* loginboyTests */,
				284A1A0D2DD21B7F00606222 /* loginboyUITests */,
			);
		};
/* End PBXProject section */

/* Begin PBXResourcesBuildPhase section */
		284A19F42DD21B7E00606222 /* Resources */ = {
			isa = PBXResourcesBuildPhase;
			buildActionMask = 2147483647;
			files = (
			);
			runOnlyForDeploymentPostprocessing = 0;
		};
		284A1A022DD21B7F00606222 /* Resources */ = {
			isa = PBXResourcesBuildPhase;
			buildActionMask = 2147483647;
			files = (
			);
			runOnlyForDeploymentPostprocessing = 0;
		};
		284A1A0C2DD21B7F00606222 /* Resources */ = {
			isa = PBXResourcesBuildPhase;
			buildActionMask = 2147483647;
			files = (
			);
			runOnlyForDeploymentPostprocessing = 0;
		};
/* End PBXResourcesBuildPhase section */

/* Begin PBXSourcesBuildPhase section */
		284A19F22DD21B7E00606222 /* Sources */ = {
			isa = PBXSourcesBuildPhase;
			buildActionMask = 2147483647;
			files = (
				285B4E742DDB3A0C00CAC666 /* DecodeyApp.xcdatamodeld in Sources */,
			);
			runOnlyForDeploymentPostprocessing = 0;
		};
		284A1A002DD21B7F00606222 /* Sources */ = {
			isa = PBXSourcesBuildPhase;
			buildActionMask = 2147483647;
			files = (
			);
			runOnlyForDeploymentPostprocessing = 0;
		};
		284A1A0A2DD21B7F00606222 /* Sources */ = {
			isa = PBXSourcesBuildPhase;
			buildActionMask = 2147483647;
			files = (
			);
			runOnlyForDeploymentPostprocessing = 0;
		};
/* End PBXSourcesBuildPhase section */

/* Begin PBXTargetDependency section */
		284A1A062DD21B7F00606222 /* PBXTargetDependency */ = {
			isa = PBXTargetDependency;
			target = 284A19F52DD21B7E00606222 /* loginboy */;
			targetProxy = 284A1A052DD21B7F00606222 /* PBXContainerItemProxy */;
		};
		284A1A102DD21B7F00606222 /* PBXTargetDependency */ = {
			isa = PBXTargetDependency;
			target = 284A19F52DD21B7E00606222 /* loginboy */;
			targetProxy = 284A1A0F2DD21B7F00606222 /* PBXContainerItemProxy */;
		};
/* End PBXTargetDependency section */

/* Begin XCBuildConfiguration section */
		284A1A162DD21B7F00606222 /* Debug */ = {
			isa = XCBuildConfiguration;
			buildSettings = {
				ALWAYS_SEARCH_USER_PATHS = NO;
				ASSETCATALOG_COMPILER_GENERATE_SWIFT_ASSET_SYMBOL_EXTENSIONS = YES;
				CLANG_ANALYZER_NONNULL = YES;
				CLANG_ANALYZER_NUMBER_OBJECT_CONVERSION = YES_AGGRESSIVE;
				CLANG_CXX_LANGUAGE_STANDARD = "gnu++20";
				CLANG_ENABLE_MODULES = YES;
				CLANG_ENABLE_OBJC_ARC = YES;
				CLANG_ENABLE_OBJC_WEAK = YES;
				CLANG_WARN_BLOCK_CAPTURE_AUTORELEASING = YES;
				CLANG_WARN_BOOL_CONVERSION = YES;
				CLANG_WARN_COMMA = YES;
				CLANG_WARN_CONSTANT_CONVERSION = YES;
				CLANG_WARN_DEPRECATED_OBJC_IMPLEMENTATIONS = YES;
				CLANG_WARN_DIRECT_OBJC_ISA_USAGE = YES_ERROR;
				CLANG_WARN_DOCUMENTATION_COMMENTS = YES;
				CLANG_WARN_EMPTY_BODY = YES;
				CLANG_WARN_ENUM_CONVERSION = YES;
				CLANG_WARN_INFINITE_RECURSION = YES;
				CLANG_WARN_INT_CONVERSION = YES;
				CLANG_WARN_NON_LITERAL_NULL_CONVERSION = YES;
				CLANG_WARN_OBJC_IMPLICIT_RETAIN_SELF = YES;
				CLANG_WARN_OBJC_LITERAL_CONVERSION = YES;
				CLANG_WARN_OBJC_ROOT_CLASS = YES_ERROR;
				CLANG_WARN_QUOTED_INCLUDE_IN_FRAMEWORK_HEADER = YES;
				CLANG_WARN_RANGE_LOOP_ANALYSIS = YES;
				CLANG_WARN_STRICT_PROTOTYPES = YES;
				CLANG_WARN_SUSPICIOUS_MOVE = YES;
				CLANG_WARN_UNGUARDED_AVAILABILITY = YES_AGGRESSIVE;
				CLANG_WARN_UNREACHABLE_CODE = YES;
				CLANG_WARN__DUPLICATE_METHOD_MATCH = YES;
				COPY_PHASE_STRIP = NO;
				DEBUG_INFORMATION_FORMAT = dwarf;
				ENABLE_STRICT_OBJC_MSGSEND = YES;
				ENABLE_TESTABILITY = YES;
				ENABLE_USER_SCRIPT_SANDBOXING = YES;
				GCC_C_LANGUAGE_STANDARD = gnu17;
				GCC_DYNAMIC_NO_PIC = NO;
				GCC_NO_COMMON_BLOCKS = YES;
				GCC_OPTIMIZATION_LEVEL = 0;
				GCC_PREPROCESSOR_DEFINITIONS = (
					"DEBUG=1",
					"$(inherited)",
				);
				GCC_WARN_64_TO_32_BIT_CONVERSION = YES;
				GCC_WARN_ABOUT_RETURN_TYPE = YES_ERROR;
				GCC_WARN_UNDECLARED_SELECTOR = YES;
				GCC_WARN_UNINITIALIZED_AUTOS = YES_AGGRESSIVE;
				GCC_WARN_UNUSED_FUNCTION = YES;
				GCC_WARN_UNUSED_VARIABLE = YES;
				LOCALIZATION_PREFERS_STRING_CATALOGS = YES;
				MTL_ENABLE_DEBUG_INFO = INCLUDE_SOURCE;
				MTL_FAST_MATH = YES;
				ONLY_ACTIVE_ARCH = YES;
				SWIFT_ACTIVE_COMPILATION_CONDITIONS = "DEBUG $(inherited)";
				SWIFT_OPTIMIZATION_LEVEL = "-Onone";
			};
			name = Debug;
		};
		284A1A172DD21B7F00606222 /* Release */ = {
			isa = XCBuildConfiguration;
			buildSettings = {
				ALWAYS_SEARCH_USER_PATHS = NO;
				ASSETCATALOG_COMPILER_GENERATE_SWIFT_ASSET_SYMBOL_EXTENSIONS = YES;
				CLANG_ANALYZER_NONNULL = YES;
				CLANG_ANALYZER_NUMBER_OBJECT_CONVERSION = YES_AGGRESSIVE;
				CLANG_CXX_LANGUAGE_STANDARD = "gnu++20";
				CLANG_ENABLE_MODULES = YES;
				CLANG_ENABLE_OBJC_ARC = YES;
				CLANG_ENABLE_OBJC_WEAK = YES;
				CLANG_WARN_BLOCK_CAPTURE_AUTORELEASING = YES;
				CLANG_WARN_BOOL_CONVERSION = YES;
				CLANG_WARN_COMMA = YES;
				CLANG_WARN_CONSTANT_CONVERSION = YES;
				CLANG_WARN_DEPRECATED_OBJC_IMPLEMENTATIONS = YES;
				CLANG_WARN_DIRECT_OBJC_ISA_USAGE = YES_ERROR;
				CLANG_WARN_DOCUMENTATION_COMMENTS = YES;
				CLANG_WARN_EMPTY_BODY = YES;
				CLANG_WARN_ENUM_CONVERSION = YES;
				CLANG_WARN_INFINITE_RECURSION = YES;
				CLANG_WARN_INT_CONVERSION = YES;
				CLANG_WARN_NON_LITERAL_NULL_CONVERSION = YES;
				CLANG_WARN_OBJC_IMPLICIT_RETAIN_SELF = YES;
				CLANG_WARN_OBJC_LITERAL_CONVERSION = YES;
				CLANG_WARN_OBJC_ROOT_CLASS = YES_ERROR;
				CLANG_WARN_QUOTED_INCLUDE_IN_FRAMEWORK_HEADER = YES;
				CLANG_WARN_RANGE_LOOP_ANALYSIS = YES;
				CLANG_WARN_STRICT_PROTOTYPES = YES;
				CLANG_WARN_SUSPICIOUS_MOVE = YES;
				CLANG_WARN_UNGUARDED_AVAILABILITY = YES_AGGRESSIVE;
				CLANG_WARN_UNREACHABLE_CODE = YES;
				CLANG_WARN__DUPLICATE_METHOD_MATCH = YES;
				COPY_PHASE_STRIP = NO;
				DEBUG_INFORMATION_FORMAT = "dwarf-with-dsym";
				ENABLE_NS_ASSERTIONS = NO;
				ENABLE_STRICT_OBJC_MSGSEND = YES;
				ENABLE_USER_SCRIPT_SANDBOXING = YES;
				GCC_C_LANGUAGE_STANDARD = gnu17;
				GCC_NO_COMMON_BLOCKS = YES;
				GCC_WARN_64_TO_32_BIT_CONVERSION = YES;
				GCC_WARN_ABOUT_RETURN_TYPE = YES_ERROR;
				GCC_WARN_UNDECLARED_SELECTOR = YES;
				GCC_WARN_UNINITIALIZED_AUTOS = YES_AGGRESSIVE;
				GCC_WARN_UNUSED_FUNCTION = YES;
				GCC_WARN_UNUSED_VARIABLE = YES;
				LOCALIZATION_PREFERS_STRING_CATALOGS = YES;
				MTL_ENABLE_DEBUG_INFO = NO;
				MTL_FAST_MATH = YES;
				SWIFT_COMPILATION_MODE = wholemodule;
			};
			name = Release;
		};
		284A1A192DD21B7F00606222 /* Debug */ = {
			isa = XCBuildConfiguration;
			buildSettings = {
				ASSETCATALOG_COMPILER_APPICON_NAME = AppIcon;
				ASSETCATALOG_COMPILER_GLOBAL_ACCENT_COLOR_NAME = AccentColor;
				CODE_SIGN_ENTITLEMENTS = loginboy/loginboy.entitlements;
				CODE_SIGN_STYLE = Automatic;
				CURRENT_PROJECT_VERSION = 1;
				DEVELOPMENT_TEAM = PA33492LYL;
				ENABLE_PREVIEWS = YES;
				GENERATE_INFOPLIST_FILE = YES;
				INFOPLIST_FILE = loginboy/Info.plist;
				"INFOPLIST_KEY_UIApplicationSceneManifest_Generation[sdk=iphoneos*]" = YES;
				"INFOPLIST_KEY_UIApplicationSceneManifest_Generation[sdk=iphonesimulator*]" = YES;
				"INFOPLIST_KEY_UIApplicationSupportsIndirectInputEvents[sdk=iphoneos*]" = YES;
				"INFOPLIST_KEY_UIApplicationSupportsIndirectInputEvents[sdk=iphonesimulator*]" = YES;
				"INFOPLIST_KEY_UILaunchScreen_Generation[sdk=iphoneos*]" = YES;
				"INFOPLIST_KEY_UILaunchScreen_Generation[sdk=iphonesimulator*]" = YES;
				"INFOPLIST_KEY_UIStatusBarStyle[sdk=iphoneos*]" = UIStatusBarStyleDefault;
				"INFOPLIST_KEY_UIStatusBarStyle[sdk=iphonesimulator*]" = UIStatusBarStyleDefault;
				INFOPLIST_KEY_UISupportedInterfaceOrientations_iPad = "UIInterfaceOrientationPortrait UIInterfaceOrientationPortraitUpsideDown UIInterfaceOrientationLandscapeLeft UIInterfaceOrientationLandscapeRight";
				INFOPLIST_KEY_UISupportedInterfaceOrientations_iPhone = "UIInterfaceOrientationPortrait UIInterfaceOrientationLandscapeLeft UIInterfaceOrientationLandscapeRight";
				IPHONEOS_DEPLOYMENT_TARGET = 18.4;
				LD_RUNPATH_SEARCH_PATHS = "@executable_path/Frameworks";
				"LD_RUNPATH_SEARCH_PATHS[sdk=macosx*]" = "@executable_path/../Frameworks";
				MACOSX_DEPLOYMENT_TARGET = 15.4;
				MARKETING_VERSION = 1.0;
				PRODUCT_BUNDLE_IDENTIFIER = com.freeform.loginboy;
				PRODUCT_NAME = "$(TARGET_NAME)";
				REGISTER_APP_GROUPS = YES;
				SDKROOT = auto;
				SUPPORTED_PLATFORMS = "iphoneos iphonesimulator macosx xros xrsimulator";
				SWIFT_EMIT_LOC_STRINGS = YES;
				SWIFT_VERSION = 5.0;
				TARGETED_DEVICE_FAMILY = "1,2,7";
				XROS_DEPLOYMENT_TARGET = 2.4;
			};
			name = Debug;
		};
		284A1A1A2DD21B7F00606222 /* Release */ = {
			isa = XCBuildConfiguration;
			buildSettings = {
				ASSETCATALOG_COMPILER_APPICON_NAME = AppIcon;
				ASSETCATALOG_COMPILER_GLOBAL_ACCENT_COLOR_NAME = AccentColor;
				CODE_SIGN_ENTITLEMENTS = loginboy/loginboy.entitlements;
				CODE_SIGN_STYLE = Automatic;
				CURRENT_PROJECT_VERSION = 1;
				DEVELOPMENT_TEAM = PA33492LYL;
				ENABLE_PREVIEWS = YES;
				GENERATE_INFOPLIST_FILE = YES;
				INFOPLIST_FILE = loginboy/Info.plist;
				"INFOPLIST_KEY_UIApplicationSceneManifest_Generation[sdk=iphoneos*]" = YES;
				"INFOPLIST_KEY_UIApplicationSceneManifest_Generation[sdk=iphonesimulator*]" = YES;
				"INFOPLIST_KEY_UIApplicationSupportsIndirectInputEvents[sdk=iphoneos*]" = YES;
				"INFOPLIST_KEY_UIApplicationSupportsIndirectInputEvents[sdk=iphonesimulator*]" = YES;
				"INFOPLIST_KEY_UILaunchScreen_Generation[sdk=iphoneos*]" = YES;
				"INFOPLIST_KEY_UILaunchScreen_Generation[sdk=iphonesimulator*]" = YES;
				"INFOPLIST_KEY_UIStatusBarStyle[sdk=iphoneos*]" = UIStatusBarStyleDefault;
				"INFOPLIST_KEY_UIStatusBarStyle[sdk=iphonesimulator*]" = UIStatusBarStyleDefault;
				INFOPLIST_KEY_UISupportedInterfaceOrientations_iPad = "UIInterfaceOrientationPortrait UIInterfaceOrientationPortraitUpsideDown UIInterfaceOrientationLandscapeLeft UIInterfaceOrientationLandscapeRight";
				INFOPLIST_KEY_UISupportedInterfaceOrientations_iPhone = "UIInterfaceOrientationPortrait UIInterfaceOrientationLandscapeLeft UIInterfaceOrientationLandscapeRight";
				IPHONEOS_DEPLOYMENT_TARGET = 18.4;
				LD_RUNPATH_SEARCH_PATHS = "@executable_path/Frameworks";
				"LD_RUNPATH_SEARCH_PATHS[sdk=macosx*]" = "@executable_path/../Frameworks";
				MACOSX_DEPLOYMENT_TARGET = 15.4;
				MARKETING_VERSION = 1.0;
				PRODUCT_BUNDLE_IDENTIFIER = com.freeform.loginboy;
				PRODUCT_NAME = "$(TARGET_NAME)";
				REGISTER_APP_GROUPS = YES;
				SDKROOT = auto;
				SUPPORTED_PLATFORMS = "iphoneos iphonesimulator macosx xros xrsimulator";
				SWIFT_EMIT_LOC_STRINGS = YES;
				SWIFT_VERSION = 5.0;
				TARGETED_DEVICE_FAMILY = "1,2,7";
				XROS_DEPLOYMENT_TARGET = 2.4;
			};
			name = Release;
		};
		284A1A1C2DD21B7F00606222 /* Debug */ = {
			isa = XCBuildConfiguration;
			buildSettings = {
				BUNDLE_LOADER = "$(TEST_HOST)";
				CODE_SIGN_STYLE = Automatic;
				CURRENT_PROJECT_VERSION = 1;
				DEVELOPMENT_TEAM = PA33492LYL;
				GENERATE_INFOPLIST_FILE = YES;
				IPHONEOS_DEPLOYMENT_TARGET = 18.4;
				MACOSX_DEPLOYMENT_TARGET = 15.4;
				MARKETING_VERSION = 1.0;
				PRODUCT_BUNDLE_IDENTIFIER = com.freeform.loginboyTests;
				PRODUCT_NAME = "$(TARGET_NAME)";
				SDKROOT = auto;
				SUPPORTED_PLATFORMS = "iphoneos iphonesimulator macosx xros xrsimulator";
				SWIFT_EMIT_LOC_STRINGS = NO;
				SWIFT_VERSION = 5.0;
				TARGETED_DEVICE_FAMILY = "1,2,7";
				TEST_HOST = "$(BUILT_PRODUCTS_DIR)/loginboy.app/$(BUNDLE_EXECUTABLE_FOLDER_PATH)/loginboy";
				XROS_DEPLOYMENT_TARGET = 2.4;
			};
			name = Debug;
		};
		284A1A1D2DD21B7F00606222 /* Release */ = {
			isa = XCBuildConfiguration;
			buildSettings = {
				BUNDLE_LOADER = "$(TEST_HOST)";
				CODE_SIGN_STYLE = Automatic;
				CURRENT_PROJECT_VERSION = 1;
				DEVELOPMENT_TEAM = PA33492LYL;
				GENERATE_INFOPLIST_FILE = YES;
				IPHONEOS_DEPLOYMENT_TARGET = 18.4;
				MACOSX_DEPLOYMENT_TARGET = 15.4;
				MARKETING_VERSION = 1.0;
				PRODUCT_BUNDLE_IDENTIFIER = com.freeform.loginboyTests;
				PRODUCT_NAME = "$(TARGET_NAME)";
				SDKROOT = auto;
				SUPPORTED_PLATFORMS = "iphoneos iphonesimulator macosx xros xrsimulator";
				SWIFT_EMIT_LOC_STRINGS = NO;
				SWIFT_VERSION = 5.0;
				TARGETED_DEVICE_FAMILY = "1,2,7";
				TEST_HOST = "$(BUILT_PRODUCTS_DIR)/loginboy.app/$(BUNDLE_EXECUTABLE_FOLDER_PATH)/loginboy";
				XROS_DEPLOYMENT_TARGET = 2.4;
			};
			name = Release;
		};
		284A1A1F2DD21B7F00606222 /* Debug */ = {
			isa = XCBuildConfiguration;
			buildSettings = {
				CODE_SIGN_STYLE = Automatic;
				CURRENT_PROJECT_VERSION = 1;
				GENERATE_INFOPLIST_FILE = YES;
				IPHONEOS_DEPLOYMENT_TARGET = 18.4;
				MACOSX_DEPLOYMENT_TARGET = 15.4;
				MARKETING_VERSION = 1.0;
				PRODUCT_BUNDLE_IDENTIFIER = com.freeform.loginboyUITests;
				PRODUCT_NAME = "$(TARGET_NAME)";
				SDKROOT = auto;
				SUPPORTED_PLATFORMS = "iphoneos iphonesimulator macosx xros xrsimulator";
				SWIFT_EMIT_LOC_STRINGS = NO;
				SWIFT_VERSION = 5.0;
				TARGETED_DEVICE_FAMILY = "1,2,7";
				TEST_TARGET_NAME = loginboy;
				XROS_DEPLOYMENT_TARGET = 2.4;
			};
			name = Debug;
		};
		284A1A202DD21B7F00606222 /* Release */ = {
			isa = XCBuildConfiguration;
			buildSettings = {
				CODE_SIGN_STYLE = Automatic;
				CURRENT_PROJECT_VERSION = 1;
				GENERATE_INFOPLIST_FILE = YES;
				IPHONEOS_DEPLOYMENT_TARGET = 18.4;
				MACOSX_DEPLOYMENT_TARGET = 15.4;
				MARKETING_VERSION = 1.0;
				PRODUCT_BUNDLE_IDENTIFIER = com.freeform.loginboyUITests;
				PRODUCT_NAME = "$(TARGET_NAME)";
				SDKROOT = auto;
				SUPPORTED_PLATFORMS = "iphoneos iphonesimulator macosx xros xrsimulator";
				SWIFT_EMIT_LOC_STRINGS = NO;
				SWIFT_VERSION = 5.0;
				TARGETED_DEVICE_FAMILY = "1,2,7";
				TEST_TARGET_NAME = loginboy;
				XROS_DEPLOYMENT_TARGET = 2.4;
			};
			name = Release;
		};
/* End XCBuildConfiguration section */

/* Begin XCConfigurationList section */
		284A19F12DD21B7E00606222 /* Build configuration list for PBXProject "loginboy" */ = {
			isa = XCConfigurationList;
			buildConfigurations = (
				284A1A162DD21B7F00606222 /* Debug */,
				284A1A172DD21B7F00606222 /* Release */,
			);
			defaultConfigurationIsVisible = 0;
			defaultConfigurationName = Release;
		};
		284A1A182DD21B7F00606222 /* Build configuration list for PBXNativeTarget "loginboy" */ = {
			isa = XCConfigurationList;
			buildConfigurations = (
				284A1A192DD21B7F00606222 /* Debug */,
				284A1A1A2DD21B7F00606222 /* Release */,
			);
			defaultConfigurationIsVisible = 0;
			defaultConfigurationName = Release;
		};
		284A1A1B2DD21B7F00606222 /* Build configuration list for PBXNativeTarget "loginboyTests" */ = {
			isa = XCConfigurationList;
			buildConfigurations = (
				284A1A1C2DD21B7F00606222 /* Debug */,
				284A1A1D2DD21B7F00606222 /* Release */,
			);
			defaultConfigurationIsVisible = 0;
			defaultConfigurationName = Release;
		};
		284A1A1E2DD21B7F00606222 /* Build configuration list for PBXNativeTarget "loginboyUITests" */ = {
			isa = XCConfigurationList;
			buildConfigurations = (
				284A1A1F2DD21B7F00606222 /* Debug */,
				284A1A202DD21B7F00606222 /* Release */,
			);
			defaultConfigurationIsVisible = 0;
			defaultConfigurationName = Release;
		};
/* End XCConfigurationList section */

/* Begin XCRemoteSwiftPackageReference section */
		28D1B3042DD23CD5001C2A15 /* XCRemoteSwiftPackageReference "GRDB.swift" */ = {
			isa = XCRemoteSwiftPackageReference;
			repositoryURL = "https://github.com/groue/GRDB.swift.git";
			requirement = {
				branch = master;
				kind = branch;
			};
		};
		28D1B3822DD4DE0F001C2A15 /* XCRemoteSwiftPackageReference "realm-swift" */ = {
			isa = XCRemoteSwiftPackageReference;
			repositoryURL = "https://github.com/realm/realm-swift";
			requirement = {
				branch = master;
				kind = branch;
			};
		};
/* End XCRemoteSwiftPackageReference section */

/* Begin XCSwiftPackageProductDependency section */
		28D1B3052DD23CE0001C2A15 /* GRDB */ = {
			isa = XCSwiftPackageProductDependency;
			package = 28D1B3042DD23CD5001C2A15 /* XCRemoteSwiftPackageReference "GRDB.swift" */;
			productName = GRDB;
		};
		28D1B3832DD4DE21001C2A15 /* RealmSwift */ = {
			isa = XCSwiftPackageProductDependency;
			package = 28D1B3822DD4DE0F001C2A15 /* XCRemoteSwiftPackageReference "realm-swift" */;
			productName = RealmSwift;
		};
/* End XCSwiftPackageProductDependency section */

/* Begin XCVersionGroup section */
		285B4E722DDB3A0C00CAC666 /* DecodeyApp.xcdatamodeld */ = {
			isa = XCVersionGroup;
			children = (
				285B4E732DDB3A0C00CAC666 /* DecodeyApp.xcdatamodel */,
			);
			currentVersion = 285B4E732DDB3A0C00CAC666 /* DecodeyApp.xcdatamodel */;
			path = DecodeyApp.xcdatamodeld;
			sourceTree = "<group>";
			versionGroupType = wrapper.xcdatamodel;
		};
/* End XCVersionGroup section */
	};
	rootObject = 284A19EE2DD21B7E00606222 /* Project object */;
}
